
Microsoft Visual Studio Solution File, Format Version 12.00
# Visual Studio Version 16
VisualStudioVersion = 16.0.30204.135
MinimumVisualStudioVersion = 10.0.40219.1
Project("{8BC9CEB8-8B4A-11D0-8D11-00A0C91BC942}") = "Ultralight-GM", "Ultralight-GM\Ultralight-GM.vcxproj", "{7522BC8E-AEEE-480C-8D47-2D42D1F1EBB6}"
EndProject
Global
	GlobalSection(SolutionConfigurationPlatforms) = preSolution
		Debug|x64 = Debug|x64
		Debug|x86 = Debug|x86
		Release|x64 = Release|x64
		Release|x86 = Release|x86
	EndGlobalSection
	GlobalSection(ProjectConfigurationPlatforms) = postSolution
		{7522BC8E-AEEE-480C-8D47-2D42D1F1EBB6}.Debug|x64.ActiveCfg = Debug|x64
		{7522BC8E-AEEE-480C-8D47-2D42D1F1EBB6}.Debug|x64.Build.0 = Debug|x64
		{7522BC8E-AEEE-480C-8D47-2D42D1F1EBB6}.Debug|x86.ActiveCfg = Debug|Win32
		{7522BC8E-AEEE-480C-8D47-2D42D1F1EBB6}.Debug|x86.Build.0 = Debug|Win32
		{7522BC8E-AEEE-480C-8D47-2D42D1F1EBB6}.Release|x64.ActiveCfg = Release|x64
		{7522BC8E-AEEE-480C-8D47-2D42D1F1EBB6}.Release|x64.Build.0 = Release|x64
		{7522BC8E-AEEE-480C-8D47-2D42D1F1EBB6}.Release|x86.ActiveCfg = Release|Win32
		{7522BC8E-AEEE-480C-8D47-2D42D1F1EBB6}.Release|x86.Build.0 = Release|Win32
	EndGlobalSection
	GlobalSection(SolutionProperties) = preSolution
		HideSolutionNode = FALSE
	EndGlobalSection
	GlobalSection(ExtensibilityGlobals) = postSolution
		SolutionGuid = {8F25E99D-3384-4A18-B4E3-367DCF734760}
	EndGlobalSection
EndGlobal
